
Microsoft Visual Studio Solution File, Format Version 12.00
# Visual Studio Version 16
VisualStudioVersion = 16.0.30320.27
MinimumVisualStudioVersion = 10.0.40219.1
Project("{8BC9CEB8-8B4A-11D0-8D11-00A0C91BC942}") = "mla-bindings-test", "mla-bindings-test.vcxproj", "{DC24562E-DA24-486A-9196-6F2F73A09E17}"
EndProject
Project("{2150E333-8FDC-42A3-9474-1A3956D46DE8}") = "Solution Items", "Solution Items", "{DE2558A9-BBB6-42F1-B358-9E948AAF16B4}"
EndProject
Global
	GlobalSection(SolutionConfigurationPlatforms) = preSolution
		Debug-c|Win32 = Debug-c|Win32
		Debug-c|x64 = Debug-c|x64
		Debug-cpp|Win32 = Debug-cpp|Win32
		Debug-cpp|x64 = Debug-cpp|x64
		Release-c|Win32 = Release-c|Win32
		Release-c|x64 = Release-c|x64
		Release-cpp|Win32 = Release-cpp|Win32
		Release-cpp|x64 = Release-cpp|x64
	EndGlobalSection
	GlobalSection(ProjectConfigurationPlatforms) = postSolution
		{DC24562E-DA24-486A-9196-6F2F73A09E17}.Debug-c|Win32.ActiveCfg = Debug-c|Win32
		{DC24562E-DA24-486A-9196-6F2F73A09E17}.Debug-c|Win32.Build.0 = Debug-c|Win32
		{DC24562E-DA24-486A-9196-6F2F73A09E17}.Debug-c|x64.ActiveCfg = Debug-c|x64
		{DC24562E-DA24-486A-9196-6F2F73A09E17}.Debug-c|x64.Build.0 = Debug-c|x64
		{DC24562E-DA24-486A-9196-6F2F73A09E17}.Debug-cpp|Win32.ActiveCfg = Debug-cpp|Win32
		{DC24562E-DA24-486A-9196-6F2F73A09E17}.Debug-cpp|Win32.Build.0 = Debug-cpp|Win32
		{DC24562E-DA24-486A-9196-6F2F73A09E17}.Debug-cpp|x64.ActiveCfg = Debug-cpp|x64
		{DC24562E-DA24-486A-9196-6F2F73A09E17}.Debug-cpp|x64.Build.0 = Debug-cpp|x64
		{DC24562E-DA24-486A-9196-6F2F73A09E17}.Release-c|Win32.ActiveCfg = Release-c|Win32
		{DC24562E-DA24-486A-9196-6F2F73A09E17}.Release-c|Win32.Build.0 = Release-c|Win32
		{DC24562E-DA24-486A-9196-6F2F73A09E17}.Release-c|x64.ActiveCfg = Release-c|x64
		{DC24562E-DA24-486A-9196-6F2F73A09E17}.Release-c|x64.Build.0 = Release-c|x64
		{DC24562E-DA24-486A-9196-6F2F73A09E17}.Release-cpp|Win32.ActiveCfg = Release-cpp|Win32
		{DC24562E-DA24-486A-9196-6F2F73A09E17}.Release-cpp|Win32.Build.0 = Release-cpp|Win32
		{DC24562E-DA24-486A-9196-6F2F73A09E17}.Release-cpp|x64.ActiveCfg = Release-cpp|x64
		{DC24562E-DA24-486A-9196-6F2F73A09E17}.Release-cpp|x64.Build.0 = Release-cpp|x64
	EndGlobalSection
	GlobalSection(SolutionProperties) = preSolution
		HideSolutionNode = FALSE
	EndGlobalSection
	GlobalSection(ExtensibilityGlobals) = postSolution
		SolutionGuid = {E6C21E85-E357-4ACE-97CA-2594BC5A534F}
	EndGlobalSection
EndGlobal
